
Microsoft Visual Studio Solution File, Format Version 12.00
# Visual Studio Version 16
VisualStudioVersion = 16.0.30523.141
MinimumVisualStudioVersion = 10.0.40219.1
Project("{FAE04EC0-301F-11D3-BF4B-00C04F79EFBC}") = "SO2FinalProject", "SO2FinalProject.csproj", "{5DA509FA-C939-4CDA-B071-30FC5BF8AFB1}"
EndProject
Global
	GlobalSection(SolutionConfigurationPlatforms) = preSolution
		Debug|Any CPU = Debug|Any CPU
		Release|Any CPU = Release|Any CPU
	EndGlobalSection
	GlobalSection(ProjectConfigurationPlatforms) = postSolution
		{5DA509FA-C939-4CDA-B071-30FC5BF8AFB1}.Debug|Any CPU.ActiveCfg = Debug|Any CPU
		{5DA509FA-C939-4CDA-B071-30FC5BF8AFB1}.Debug|Any CPU.Build.0 = Debug|Any CPU
		{5DA509FA-C939-4CDA-B071-30FC5BF8AFB1}.Release|Any CPU.ActiveCfg = Release|Any CPU
		{5DA509FA-C939-4CDA-B071-30FC5BF8AFB1}.Release|Any CPU.Build.0 = Release|Any CPU
	EndGlobalSection
	GlobalSection(SolutionProperties) = preSolution
		HideSolutionNode = FALSE
	EndGlobalSection
	GlobalSection(ExtensibilityGlobals) = postSolution
		SolutionGuid = {62297B1C-BC8E-4452-B658-2F562EA09980}
	EndGlobalSection
EndGlobal
